
Microsoft Visual Studio Solution File, Format Version 12.00
# Visual Studio Version 17
VisualStudioVersion = 17.4.33122.133
MinimumVisualStudioVersion = 10.0.40219.1
Project("{FAE04EC0-301F-11D3-BF4B-00C04F79EFBC}") = "Ligia.Ecommerce.API", "Ligia.Ecommerce.API\Ligia.Ecommerce.API.csproj", "{1D815C2B-8590-4B69-B079-8FA91A0EE90D}"
EndProject
Global
	GlobalSection(SolutionConfigurationPlatforms) = preSolution
		Debug|Any CPU = Debug|Any CPU
		Release|Any CPU = Release|Any CPU
	EndGlobalSection
	GlobalSection(ProjectConfigurationPlatforms) = postSolution
		{1D815C2B-8590-4B69-B079-8FA91A0EE90D}.Debug|Any CPU.ActiveCfg = Debug|Any CPU
		{1D815C2B-8590-4B69-B079-8FA91A0EE90D}.Debug|Any CPU.Build.0 = Debug|Any CPU
		{1D815C2B-8590-4B69-B079-8FA91A0EE90D}.Release|Any CPU.ActiveCfg = Release|Any CPU
		{1D815C2B-8590-4B69-B079-8FA91A0EE90D}.Release|Any CPU.Build.0 = Release|Any CPU
	EndGlobalSection
	GlobalSection(SolutionProperties) = preSolution
		HideSolutionNode = FALSE
	EndGlobalSection
	GlobalSection(ExtensibilityGlobals) = postSolution
		SolutionGuid = {0A304F4F-1C82-4877-9720-DF24F4F981C5}
	EndGlobalSection
EndGlobal
